
Microsoft Visual Studio Solution File, Format Version 12.00
# Visual Studio Version 17
VisualStudioVersion = 17.5.33516.290
MinimumVisualStudioVersion = 10.0.40219.1
Project("{FAE04EC0-301F-11D3-BF4B-00C04F79EFBC}") = "Empregado", "Empregado\Empregado.csproj", "{A776B3D4-E4C0-4FDC-A0C3-E15B42B6013A}"
EndProject
Global
	GlobalSection(SolutionConfigurationPlatforms) = preSolution
		Debug|Any CPU = Debug|Any CPU
		Release|Any CPU = Release|Any CPU
	EndGlobalSection
	GlobalSection(ProjectConfigurationPlatforms) = postSolution
		{A776B3D4-E4C0-4FDC-A0C3-E15B42B6013A}.Debug|Any CPU.ActiveCfg = Debug|Any CPU
		{A776B3D4-E4C0-4FDC-A0C3-E15B42B6013A}.Debug|Any CPU.Build.0 = Debug|Any CPU
		{A776B3D4-E4C0-4FDC-A0C3-E15B42B6013A}.Release|Any CPU.ActiveCfg = Release|Any CPU
		{A776B3D4-E4C0-4FDC-A0C3-E15B42B6013A}.Release|Any CPU.Build.0 = Release|Any CPU
	EndGlobalSection
	GlobalSection(SolutionProperties) = preSolution
		HideSolutionNode = FALSE
	EndGlobalSection
	GlobalSection(ExtensibilityGlobals) = postSolution
		SolutionGuid = {F2617066-7257-49EE-A373-E0756F9C8236}
	EndGlobalSection
EndGlobal
